
Microsoft Visual Studio Solution File, Format Version 12.00
Project("{FAE04EC0-301F-11D3-BF4B-00C04F79EFBC}") = "Shared", "Shared\Shared.csproj", "{2D27DCB4-619A-471B-92E4-608E71D73E50}"
EndProject
Project("{FAE04EC0-301F-11D3-BF4B-00C04F79EFBC}") = "FileStoreService", "FileStoreService\FileStoreService.csproj", "{31C7008C-ADE5-4F43-A8D6-2DC0FBFE0904}"
EndProject
Project("{FAE04EC0-301F-11D3-BF4B-00C04F79EFBC}") = "FileAnalysisService", "FileAnalysisService\FileAnalysisService.csproj", "{2FABC12E-D5B1-4AE3-8BE6-23E9B1BF652D}"
EndProject
Project("{FAE04EC0-301F-11D3-BF4B-00C04F79EFBC}") = "ApiGateway", "ApiGateway\ApiGateway.csproj", "{9610B71A-03BB-4F7E-A923-5234AF631915}"
EndProject
Project("{2150E333-8FDC-42A3-9474-1A3956D46DE8}") = "Solution Items", "Solution Items", "{C954DE43-B9AA-4797-9D2C-443FC4ED4AAD}"
	ProjectSection(SolutionItems) = preProject
		compose.yaml = compose.yaml
	EndProjectSection
EndProject
Project("{FAE04EC0-301F-11D3-BF4B-00C04F79EFBC}") = "FileStoreService.Tests", "FileStoreService.Tests\FileStoreService.Tests.csproj", "{FD93ED28-459D-4B10-B3BF-867EB268DFE4}"
EndProject
Project("{FAE04EC0-301F-11D3-BF4B-00C04F79EFBC}") = "FileAnalysisService.Tests", "FileAnalysisService.Tests\FileAnalysisService.Tests.csproj", "{4F5E5D19-F2C3-47AC-BFCB-3507DF4E6312}"
EndProject
Project("{FAE04EC0-301F-11D3-BF4B-00C04F79EFBC}") = "ApiGateway.Tests", "ApiGateway.Tests\ApiGateway.Tests.csproj", "{5CCA057B-17D0-4185-9A0E-0AA907B56B7C}"
EndProject
Global
	GlobalSection(SolutionConfigurationPlatforms) = preSolution
		Debug|Any CPU = Debug|Any CPU
		Debug|x64 = Debug|x64
		Debug|x86 = Debug|x86
		Release|Any CPU = Release|Any CPU
		Release|x64 = Release|x64
		Release|x86 = Release|x86
	EndGlobalSection
	GlobalSection(ProjectConfigurationPlatforms) = postSolution
		{2D27DCB4-619A-471B-92E4-608E71D73E50}.Debug|Any CPU.ActiveCfg = Debug|Any CPU
		{2D27DCB4-619A-471B-92E4-608E71D73E50}.Debug|Any CPU.Build.0 = Debug|Any CPU
		{2D27DCB4-619A-471B-92E4-608E71D73E50}.Debug|x64.ActiveCfg = Debug|Any CPU
		{2D27DCB4-619A-471B-92E4-608E71D73E50}.Debug|x64.Build.0 = Debug|Any CPU
		{2D27DCB4-619A-471B-92E4-608E71D73E50}.Debug|x86.ActiveCfg = Debug|Any CPU
		{2D27DCB4-619A-471B-92E4-608E71D73E50}.Debug|x86.Build.0 = Debug|Any CPU
		{2D27DCB4-619A-471B-92E4-608E71D73E50}.Release|Any CPU.ActiveCfg = Release|Any CPU
		{2D27DCB4-619A-471B-92E4-608E71D73E50}.Release|Any CPU.Build.0 = Release|Any CPU
		{2D27DCB4-619A-471B-92E4-608E71D73E50}.Release|x64.ActiveCfg = Release|Any CPU
		{2D27DCB4-619A-471B-92E4-608E71D73E50}.Release|x64.Build.0 = Release|Any CPU
		{2D27DCB4-619A-471B-92E4-608E71D73E50}.Release|x86.ActiveCfg = Release|Any CPU
		{2D27DCB4-619A-471B-92E4-608E71D73E50}.Release|x86.Build.0 = Release|Any CPU
		{31C7008C-ADE5-4F43-A8D6-2DC0FBFE0904}.Debug|Any CPU.ActiveCfg = Debug|Any CPU
		{31C7008C-ADE5-4F43-A8D6-2DC0FBFE0904}.Debug|Any CPU.Build.0 = Debug|Any CPU
		{31C7008C-ADE5-4F43-A8D6-2DC0FBFE0904}.Debug|x64.ActiveCfg = Debug|Any CPU
		{31C7008C-ADE5-4F43-A8D6-2DC0FBFE0904}.Debug|x64.Build.0 = Debug|Any CPU
		{31C7008C-ADE5-4F43-A8D6-2DC0FBFE0904}.Debug|x86.ActiveCfg = Debug|Any CPU
		{31C7008C-ADE5-4F43-A8D6-2DC0FBFE0904}.Debug|x86.Build.0 = Debug|Any CPU
		{31C7008C-ADE5-4F43-A8D6-2DC0FBFE0904}.Release|Any CPU.ActiveCfg = Release|Any CPU
		{31C7008C-ADE5-4F43-A8D6-2DC0FBFE0904}.Release|Any CPU.Build.0 = Release|Any CPU
		{31C7008C-ADE5-4F43-A8D6-2DC0FBFE0904}.Release|x64.ActiveCfg = Release|Any CPU
		{31C7008C-ADE5-4F43-A8D6-2DC0FBFE0904}.Release|x64.Build.0 = Release|Any CPU
		{31C7008C-ADE5-4F43-A8D6-2DC0FBFE0904}.Release|x86.ActiveCfg = Release|Any CPU
		{31C7008C-ADE5-4F43-A8D6-2DC0FBFE0904}.Release|x86.Build.0 = Release|Any CPU
		{2FABC12E-D5B1-4AE3-8BE6-23E9B1BF652D}.Debug|Any CPU.ActiveCfg = Debug|Any CPU
		{2FABC12E-D5B1-4AE3-8BE6-23E9B1BF652D}.Debug|Any CPU.Build.0 = Debug|Any CPU
		{2FABC12E-D5B1-4AE3-8BE6-23E9B1BF652D}.Debug|x64.ActiveCfg = Debug|Any CPU
		{2FABC12E-D5B1-4AE3-8BE6-23E9B1BF652D}.Debug|x64.Build.0 = Debug|Any CPU
		{2FABC12E-D5B1-4AE3-8BE6-23E9B1BF652D}.Debug|x86.ActiveCfg = Debug|Any CPU
		{2FABC12E-D5B1-4AE3-8BE6-23E9B1BF652D}.Debug|x86.Build.0 = Debug|Any CPU
		{2FABC12E-D5B1-4AE3-8BE6-23E9B1BF652D}.Release|Any CPU.ActiveCfg = Release|Any CPU
		{2FABC12E-D5B1-4AE3-8BE6-23E9B1BF652D}.Release|Any CPU.Build.0 = Release|Any CPU
		{2FABC12E-D5B1-4AE3-8BE6-23E9B1BF652D}.Release|x64.ActiveCfg = Release|Any CPU
		{2FABC12E-D5B1-4AE3-8BE6-23E9B1BF652D}.Release|x64.Build.0 = Release|Any CPU
		{2FABC12E-D5B1-4AE3-8BE6-23E9B1BF652D}.Release|x86.ActiveCfg = Release|Any CPU
		{2FABC12E-D5B1-4AE3-8BE6-23E9B1BF652D}.Release|x86.Build.0 = Release|Any CPU
		{9610B71A-03BB-4F7E-A923-5234AF631915}.Debug|Any CPU.ActiveCfg = Debug|Any CPU
		{9610B71A-03BB-4F7E-A923-5234AF631915}.Debug|Any CPU.Build.0 = Debug|Any CPU
		{9610B71A-03BB-4F7E-A923-5234AF631915}.Debug|x64.ActiveCfg = Debug|Any CPU
		{9610B71A-03BB-4F7E-A923-5234AF631915}.Debug|x64.Build.0 = Debug|Any CPU
		{9610B71A-03BB-4F7E-A923-5234AF631915}.Debug|x86.ActiveCfg = Debug|Any CPU
		{9610B71A-03BB-4F7E-A923-5234AF631915}.Debug|x86.Build.0 = Debug|Any CPU
		{9610B71A-03BB-4F7E-A923-5234AF631915}.Release|Any CPU.ActiveCfg = Release|Any CPU
		{9610B71A-03BB-4F7E-A923-5234AF631915}.Release|Any CPU.Build.0 = Release|Any CPU
		{9610B71A-03BB-4F7E-A923-5234AF631915}.Release|x64.ActiveCfg = Release|Any CPU
		{9610B71A-03BB-4F7E-A923-5234AF631915}.Release|x64.Build.0 = Release|Any CPU
		{9610B71A-03BB-4F7E-A923-5234AF631915}.Release|x86.ActiveCfg = Release|Any CPU
		{9610B71A-03BB-4F7E-A923-5234AF631915}.Release|x86.Build.0 = Release|Any CPU
		{FD93ED28-459D-4B10-B3BF-867EB268DFE4}.Debug|Any CPU.ActiveCfg = Debug|Any CPU
		{FD93ED28-459D-4B10-B3BF-867EB268DFE4}.Debug|Any CPU.Build.0 = Debug|Any CPU
		{FD93ED28-459D-4B10-B3BF-867EB268DFE4}.Debug|x64.ActiveCfg = Debug|Any CPU
		{FD93ED28-459D-4B10-B3BF-867EB268DFE4}.Debug|x64.Build.0 = Debug|Any CPU
		{FD93ED28-459D-4B10-B3BF-867EB268DFE4}.Debug|x86.ActiveCfg = Debug|Any CPU
		{FD93ED28-459D-4B10-B3BF-867EB268DFE4}.Debug|x86.Build.0 = Debug|Any CPU
		{FD93ED28-459D-4B10-B3BF-867EB268DFE4}.Release|Any CPU.ActiveCfg = Release|Any CPU
		{FD93ED28-459D-4B10-B3BF-867EB268DFE4}.Release|Any CPU.Build.0 = Release|Any CPU
		{FD93ED28-459D-4B10-B3BF-867EB268DFE4}.Release|x64.ActiveCfg = Release|Any CPU
		{FD93ED28-459D-4B10-B3BF-867EB268DFE4}.Release|x64.Build.0 = Release|Any CPU
		{FD93ED28-459D-4B10-B3BF-867EB268DFE4}.Release|x86.ActiveCfg = Release|Any CPU
		{FD93ED28-459D-4B10-B3BF-867EB268DFE4}.Release|x86.Build.0 = Release|Any CPU
		{4F5E5D19-F2C3-47AC-BFCB-3507DF4E6312}.Debug|Any CPU.ActiveCfg = Debug|Any CPU
		{4F5E5D19-F2C3-47AC-BFCB-3507DF4E6312}.Debug|Any CPU.Build.0 = Debug|Any CPU
		{4F5E5D19-F2C3-47AC-BFCB-3507DF4E6312}.Debug|x64.ActiveCfg = Debug|Any CPU
		{4F5E5D19-F2C3-47AC-BFCB-3507DF4E6312}.Debug|x64.Build.0 = Debug|Any CPU
		{4F5E5D19-F2C3-47AC-BFCB-3507DF4E6312}.Debug|x86.ActiveCfg = Debug|Any CPU
		{4F5E5D19-F2C3-47AC-BFCB-3507DF4E6312}.Debug|x86.Build.0 = Debug|Any CPU
		{4F5E5D19-F2C3-47AC-BFCB-3507DF4E6312}.Release|Any CPU.ActiveCfg = Release|Any CPU
		{4F5E5D19-F2C3-47AC-BFCB-3507DF4E6312}.Release|Any CPU.Build.0 = Release|Any CPU
		{4F5E5D19-F2C3-47AC-BFCB-3507DF4E6312}.Release|x64.ActiveCfg = Release|Any CPU
		{4F5E5D19-F2C3-47AC-BFCB-3507DF4E6312}.Release|x64.Build.0 = Release|Any CPU
		{4F5E5D19-F2C3-47AC-BFCB-3507DF4E6312}.Release|x86.ActiveCfg = Release|Any CPU
		{4F5E5D19-F2C3-47AC-BFCB-3507DF4E6312}.Release|x86.Build.0 = Release|Any CPU
		{5CCA057B-17D0-4185-9A0E-0AA907B56B7C}.Debug|Any CPU.ActiveCfg = Debug|Any CPU
		{5CCA057B-17D0-4185-9A0E-0AA907B56B7C}.Debug|Any CPU.Build.0 = Debug|Any CPU
		{5CCA057B-17D0-4185-9A0E-0AA907B56B7C}.Debug|x64.ActiveCfg = Debug|Any CPU
		{5CCA057B-17D0-4185-9A0E-0AA907B56B7C}.Debug|x64.Build.0 = Debug|Any CPU
		{5CCA057B-17D0-4185-9A0E-0AA907B56B7C}.Debug|x86.ActiveCfg = Debug|Any CPU
		{5CCA057B-17D0-4185-9A0E-0AA907B56B7C}.Debug|x86.Build.0 = Debug|Any CPU
		{5CCA057B-17D0-4185-9A0E-0AA907B56B7C}.Release|Any CPU.ActiveCfg = Release|Any CPU
		{5CCA057B-17D0-4185-9A0E-0AA907B56B7C}.Release|Any CPU.Build.0 = Release|Any CPU
		{5CCA057B-17D0-4185-9A0E-0AA907B56B7C}.Release|x64.ActiveCfg = Release|Any CPU
		{5CCA057B-17D0-4185-9A0E-0AA907B56B7C}.Release|x64.Build.0 = Release|Any CPU
		{5CCA057B-17D0-4185-9A0E-0AA907B56B7C}.Release|x86.ActiveCfg = Release|Any CPU
		{5CCA057B-17D0-4185-9A0E-0AA907B56B7C}.Release|x86.Build.0 = Release|Any CPU
	EndGlobalSection
	GlobalSection(SolutionProperties) = preSolution
		HideSolutionNode = FALSE
	EndGlobalSection
EndGlobal
